
Microsoft Visual Studio Solution File, Format Version 12.00
# Visual Studio Version 16
VisualStudioVersion = 16.0.29519.181
MinimumVisualStudioVersion = 10.0.40219.1
Project("{9A19103F-16F7-4668-BE54-9A1E7A4F7556}") = "Sitemap.Core", "src\Sitemap.Core\Sitemap.Core.csproj", "{E0DDADED-46ED-46A5-8DC8-E73D7DDB0F78}"
EndProject
Project("{2150E333-8FDC-42A3-9474-1A3956D46DE8}") = "tests", "tests", "{116B13A8-71E9-4DEC-86D2-C1B0B53A22A6}"
EndProject
Project("{2150E333-8FDC-42A3-9474-1A3956D46DE8}") = "samples", "samples", "{AA0C6813-9BB5-4333-A8DE-CAE7BC60F404}"
EndProject
Project("{9A19103F-16F7-4668-BE54-9A1E7A4F7556}") = "Sitemap.Console", "samples\Sitemap.Sample\Sitemap.Console.csproj", "{E9259AF2-53B1-4BCD-91C1-339DACEE4734}"
EndProject
Global
	GlobalSection(SolutionConfigurationPlatforms) = preSolution
		Debug|Any CPU = Debug|Any CPU
		Release|Any CPU = Release|Any CPU
	EndGlobalSection
	GlobalSection(ProjectConfigurationPlatforms) = postSolution
		{E0DDADED-46ED-46A5-8DC8-E73D7DDB0F78}.Debug|Any CPU.ActiveCfg = Debug|Any CPU
		{E0DDADED-46ED-46A5-8DC8-E73D7DDB0F78}.Debug|Any CPU.Build.0 = Debug|Any CPU
		{E0DDADED-46ED-46A5-8DC8-E73D7DDB0F78}.Release|Any CPU.ActiveCfg = Release|Any CPU
		{E0DDADED-46ED-46A5-8DC8-E73D7DDB0F78}.Release|Any CPU.Build.0 = Release|Any CPU
		{E9259AF2-53B1-4BCD-91C1-339DACEE4734}.Debug|Any CPU.ActiveCfg = Debug|Any CPU
		{E9259AF2-53B1-4BCD-91C1-339DACEE4734}.Debug|Any CPU.Build.0 = Debug|Any CPU
		{E9259AF2-53B1-4BCD-91C1-339DACEE4734}.Release|Any CPU.ActiveCfg = Release|Any CPU
		{E9259AF2-53B1-4BCD-91C1-339DACEE4734}.Release|Any CPU.Build.0 = Release|Any CPU
	EndGlobalSection
	GlobalSection(SolutionProperties) = preSolution
		HideSolutionNode = FALSE
	EndGlobalSection
	GlobalSection(NestedProjects) = preSolution
		{E9259AF2-53B1-4BCD-91C1-339DACEE4734} = {AA0C6813-9BB5-4333-A8DE-CAE7BC60F404}
	EndGlobalSection
	GlobalSection(ExtensibilityGlobals) = postSolution
		SolutionGuid = {1625D6A2-F1EC-46BC-9DEB-EE9455AF8836}
	EndGlobalSection
EndGlobal
